{
  "object": {
    "pins": [
      {
        "package": "MathParser",
        "repositoryURL": "https://github.com/kiliankoe/DDMathParser",
        "state": {
          "branch": null,
          "revision": "86640bb9907b91c00f825090e0b4606e61270da2",
          "version": "3.0.1"
        }
      },
      {
        "package": "Regex",
        "repositoryURL": "https://github.com/sharplet/Regex",
        "state": {
          "branch": null,
          "revision": "a819aed0e9555268c29a62500fe6fb781ae7f57d",
          "version": "2.1.0"
        }
      }
    ]
  },
  "version": 1
}
