{
  "object": {
    "pins": [
      {
        "package": "MathParser",
        "repositoryURL": "https://github.com/davedelong/DDMathParser",
        "state": {
          "branch": null,
          "revision": "0a159109e2393c3e1db4e2b638009c82e6650b4d",
          "version": "3.1.0"
        }
      },
      {
        "package": "Regex",
        "repositoryURL": "https://github.com/sharplet/Regex",
        "state": {
          "branch": null,
          "revision": "a819aed0e9555268c29a62500fe6fb781ae7f57d",
          "version": "2.1.0"
        }
      }
    ]
  },
  "version": 1
}
