{
  "object": {
    "pins": [
      {
        "package": "Parsel",
        "repositoryURL": "https://github.com/BenchR267/Parsel",
        "state": {
          "branch": null,
          "revision": "501db286265e62867b42851cce4a2fa914eac43f",
          "version": "3.0.2"
        }
      }
    ]
  },
  "version": 1
}
